
Microsoft Visual Studio Solution File, Format Version 12.00
# Visual Studio Version 16
VisualStudioVersion = 16.0.30717.126
MinimumVisualStudioVersion = 10.0.40219.1
Project("{FAE04EC0-301F-11D3-BF4B-00C04F79EFBC}") = "DocMerger", "DocMerger\DocMerger.csproj", "{B910EA58-9007-4E65-BE9D-CD7A6DE9CA87}"
EndProject
Global
	GlobalSection(SolutionConfigurationPlatforms) = preSolution
		Debug|Any CPU = Debug|Any CPU
		Release|Any CPU = Release|Any CPU
	EndGlobalSection
	GlobalSection(ProjectConfigurationPlatforms) = postSolution
		{B910EA58-9007-4E65-BE9D-CD7A6DE9CA87}.Debug|Any CPU.ActiveCfg = Debug|Any CPU
		{B910EA58-9007-4E65-BE9D-CD7A6DE9CA87}.Debug|Any CPU.Build.0 = Debug|Any CPU
		{B910EA58-9007-4E65-BE9D-CD7A6DE9CA87}.Release|Any CPU.ActiveCfg = Release|Any CPU
		{B910EA58-9007-4E65-BE9D-CD7A6DE9CA87}.Release|Any CPU.Build.0 = Release|Any CPU
	EndGlobalSection
	GlobalSection(SolutionProperties) = preSolution
		HideSolutionNode = FALSE
	EndGlobalSection
	GlobalSection(ExtensibilityGlobals) = postSolution
		SolutionGuid = {FAEBD457-EA76-4402-B1DC-4E9730848B3F}
	EndGlobalSection
EndGlobal
